
Microsoft Visual Studio Solution File, Format Version 12.00
# Visual Studio Version 16
VisualStudioVersion = 16.0.31729.503
MinimumVisualStudioVersion = 10.0.40219.1
Project("{FAE04EC0-301F-11D3-BF4B-00C04F79EFBC}") = "Psswdgen", "Psswdgen\Psswdgen.csproj", "{6173D089-AA19-4B79-9925-8CA7BD8DABB9}"
EndProject
Global
	GlobalSection(SolutionConfigurationPlatforms) = preSolution
		Debug|Any CPU = Debug|Any CPU
		Release|Any CPU = Release|Any CPU
	EndGlobalSection
	GlobalSection(ProjectConfigurationPlatforms) = postSolution
		{6173D089-AA19-4B79-9925-8CA7BD8DABB9}.Debug|Any CPU.ActiveCfg = Debug|Any CPU
		{6173D089-AA19-4B79-9925-8CA7BD8DABB9}.Debug|Any CPU.Build.0 = Debug|Any CPU
		{6173D089-AA19-4B79-9925-8CA7BD8DABB9}.Release|Any CPU.ActiveCfg = Release|Any CPU
		{6173D089-AA19-4B79-9925-8CA7BD8DABB9}.Release|Any CPU.Build.0 = Release|Any CPU
	EndGlobalSection
	GlobalSection(SolutionProperties) = preSolution
		HideSolutionNode = FALSE
	EndGlobalSection
	GlobalSection(ExtensibilityGlobals) = postSolution
		SolutionGuid = {E5B99AD4-5928-44ED-8FB8-ED445DF19483}
	EndGlobalSection
EndGlobal
